
Microsoft Visual Studio Solution File, Format Version 12.00
# Visual Studio Version 17
VisualStudioVersion = 17.7.34018.315
MinimumVisualStudioVersion = 10.0.40219.1
Project("{FAE04EC0-301F-11D3-BF4B-00C04F79EFBC}") = "LigaCordobesaApp", "LigaCordobesaApp\LigaCordobesaApp.csproj", "{8601551D-A5A0-4359-8EFE-ADF15704B373}"
EndProject
Global
	GlobalSection(SolutionConfigurationPlatforms) = preSolution
		Debug|Any CPU = Debug|Any CPU
		Release|Any CPU = Release|Any CPU
	EndGlobalSection
	GlobalSection(ProjectConfigurationPlatforms) = postSolution
		{8601551D-A5A0-4359-8EFE-ADF15704B373}.Debug|Any CPU.ActiveCfg = Debug|Any CPU
		{8601551D-A5A0-4359-8EFE-ADF15704B373}.Debug|Any CPU.Build.0 = Debug|Any CPU
		{8601551D-A5A0-4359-8EFE-ADF15704B373}.Release|Any CPU.ActiveCfg = Release|Any CPU
		{8601551D-A5A0-4359-8EFE-ADF15704B373}.Release|Any CPU.Build.0 = Release|Any CPU
	EndGlobalSection
	GlobalSection(SolutionProperties) = preSolution
		HideSolutionNode = FALSE
	EndGlobalSection
	GlobalSection(ExtensibilityGlobals) = postSolution
		SolutionGuid = {28943307-37E5-4CB8-AEC3-792237B64356}
	EndGlobalSection
EndGlobal
